<?xml version="1.0" encoding="utf-8"?>
<Project ToolsVersion="4.0" xmlns="http://schemas.microsoft.com/developer/msbuild/2003">
  <ItemGroup>
    <ClCompile Include="external\glad.c">
      <Filter>External Libs</Filter>
    </ClCompile>
    <ClCompile Include="Frustum.cpp">
      <Filter>Source\Source Files</Filter>
    </ClCompile>
    <ClCompile Include="GameTimer.cpp">
      <Filter>Source\Source Files</Filter>
    </ClCompile>
    <ClCompile Include="Matrix4.cpp">
      <Filter>Source\Source Files</Filter>
    </ClCompile>
    <ClCompile Include="Mesh.cpp">
      <Filter>Source\Source Files</Filter>
    </ClCompile>
    <ClCompile Include="OBJMesh.cpp">
      <Filter>Source\Source Files</Filter>
    </ClCompile>
    <ClCompile Include="Plane.cpp">
      <Filter>Source\Source Files</Filter>
    </ClCompile>
    <ClCompile Include="Quaternion.cpp">
      <Filter>Source\Source Files</Filter>
    </ClCompile>
    <ClCompile Include="Shader.cpp">
      <Filter>Source\Source Files</Filter>
    </ClCompile>
    <ClCompile Include="Camera.cpp">
      <Filter>Source\Source Files</Filter>
    </ClCompile>
    <ClCompile Include="CommonMeshes.cpp">
      <Filter>Source\Source Files</Filter>
    </ClCompile>
    <ClCompile Include="CommonUtils.cpp">
      <Filter>Source\Source Files</Filter>
    </ClCompile>
    <ClCompile Include="NCLDebug.cpp">
      <Filter>Source\Source Files</Filter>
    </ClCompile>
    <ClCompile Include="ObjectMesh.cpp">
      <Filter>Source\Source Files</Filter>
    </ClCompile>
    <ClCompile Include="RenderList.cpp">
      <Filter>Source\Source Files</Filter>
    </ClCompile>
    <ClCompile Include="Scene.cpp">
      <Filter>Source\Source Files</Filter>
    </ClCompile>
    <ClCompile Include="SceneManager.cpp">
      <Filter>Source\Source Files</Filter>
    </ClCompile>
    <ClCompile Include="Window.cpp">
      <Filter>Source\Source Files</Filter>
    </ClCompile>
    <ClCompile Include="SceneRenderer.cpp">
      <Filter>Source\Source Files</Filter>
    </ClCompile>
    <ClCompile Include="Object.cpp">
      <Filter>Source\Source Files</Filter>
    </ClCompile>
    <ClCompile Include="imgui_wrapper.cpp">
      <Filter>Source\Source Files</Filter>
    </ClCompile>
    <ClCompile Include="external\imgui.cpp">
      <Filter>External Libs</Filter>
    </ClCompile>
    <ClCompile Include="external\imgui_demo.cpp">
      <Filter>External Libs</Filter>
    </ClCompile>
    <ClCompile Include="external\imgui_draw.cpp">
      <Filter>External Libs</Filter>
    </ClCompile>
    <ClCompile Include="Input.cpp">
      <Filter>Source\Source Files</Filter>
    </ClCompile>
    <ClCompile Include="Matrix3.cpp">
      <Filter>Source\Source Files</Filter>
    </ClCompile>
    <ClCompile Include="VideoEncoder.cpp">
      <Filter>Source\Source Files</Filter>
    </ClCompile>
    <ClCompile Include="imgui_ImwWindowManagerGL.cpp">
      <Filter>Source\Source Files</Filter>
    </ClCompile>
  </ItemGroup>
  <ItemGroup>
    <ClInclude Include="external\glad.h">
      <Filter>External Libs</Filter>
    </ClInclude>
    <ClInclude Include="external\glfw3.h">
      <Filter>External Libs</Filter>
    </ClInclude>
    <ClInclude Include="external\khrplatform.h">
      <Filter>External Libs</Filter>
    </ClInclude>
    <ClInclude Include="Camera.h">
      <Filter>Source\Header Files</Filter>
    </ClInclude>
    <ClInclude Include="common.h">
      <Filter>Source\Header Files</Filter>
    </ClInclude>
    <ClInclude Include="Frustum.h">
      <Filter>Source\Header Files</Filter>
    </ClInclude>
    <ClInclude Include="Matrix3.h">
      <Filter>Source\Header Files</Filter>
    </ClInclude>
    <ClInclude Include="Matrix4.h">
      <Filter>Source\Header Files</Filter>
    </ClInclude>
    <ClInclude Include="Mesh.h">
      <Filter>Source\Header Files</Filter>
    </ClInclude>
    <ClInclude Include="OBJMesh.h">
      <Filter>Source\Header Files</Filter>
    </ClInclude>
    <ClInclude Include="Plane.h">
      <Filter>Source\Header Files</Filter>
    </ClInclude>
    <ClInclude Include="Quaternion.h">
      <Filter>Source\Header Files</Filter>
    </ClInclude>
    <ClInclude Include="Shader.h">
      <Filter>Source\Header Files</Filter>
    </ClInclude>
    <ClInclude Include="Vector2.h">
      <Filter>Source\Header Files</Filter>
    </ClInclude>
    <ClInclude Include="Vector3.h">
      <Filter>Source\Header Files</Filter>
    </ClInclude>
    <ClInclude Include="Vector4.h">
      <Filter>Source\Header Files</Filter>
    </ClInclude>
    <ClInclude Include="GameTimer.h">
      <Filter>Source\Header Files</Filter>
    </ClInclude>
    <ClInclude Include="ChildMeshInterface.h">
      <Filter>Source\Header Files</Filter>
    </ClInclude>
    <ClInclude Include="external\SOIL.h">
      <Filter>External Libs</Filter>
    </ClInclude>
    <ClInclude Include="CommonMeshes.h">
      <Filter>Source\Header Files</Filter>
    </ClInclude>
    <ClInclude Include="CommonUtils.h">
      <Filter>Source\Header Files</Filter>
    </ClInclude>
    <ClInclude Include="NCLDebug.h">
      <Filter>Source\Header Files</Filter>
    </ClInclude>
    <ClInclude Include="Object.h">
      <Filter>Source\Header Files</Filter>
    </ClInclude>
    <ClInclude Include="ObjectMesh.h">
      <Filter>Source\Header Files</Filter>
    </ClInclude>
    <ClInclude Include="PerfTimer.h">
      <Filter>Source\Header Files</Filter>
    </ClInclude>
    <ClInclude Include="RenderList.h">
      <Filter>Source\Header Files</Filter>
    </ClInclude>
    <ClInclude Include="Scene.h">
      <Filter>Source\Header Files</Filter>
    </ClInclude>
    <ClInclude Include="SceneManager.h">
      <Filter>Source\Header Files</Filter>
    </ClInclude>
    <ClInclude Include="SceneRenderer.h">
      <Filter>Source\Header Files</Filter>
    </ClInclude>
    <ClInclude Include="TSingleton.h">
      <Filter>Source\Header Files</Filter>
    </ClInclude>
    <ClInclude Include="Window.h">
      <Filter>Source\Header Files</Filter>
    </ClInclude>
    <ClInclude Include="TCallbackList.h">
      <Filter>Source\Header Files</Filter>
    </ClInclude>
    <ClInclude Include="BoundingBox.h">
      <Filter>Source\Header Files</Filter>
    </ClInclude>
    <ClInclude Include="imgui_wrapper.h">
      <Filter>Source\Header Files</Filter>
    </ClInclude>
    <ClInclude Include="external\imgui.h">
      <Filter>External Libs</Filter>
    </ClInclude>
    <ClInclude Include="external\imgui_internal.h">
      <Filter>External Libs</Filter>
    </ClInclude>
    <ClInclude Include="external\stb_rect_pack.h">
      <Filter>External Libs</Filter>
    </ClInclude>
    <ClInclude Include="external\stb_textedit.h">
      <Filter>External Libs</Filter>
    </ClInclude>
    <ClInclude Include="external\stb_truetype.h">
      <Filter>External Libs</Filter>
    </ClInclude>
    <ClInclude Include="external\imconfig.h">
      <Filter>External Libs</Filter>
    </ClInclude>
    <ClInclude Include="external\glfw3native.h">
      <Filter>External Libs</Filter>
    </ClInclude>
    <ClInclude Include="Input.h">
      <Filter>Source\Header Files</Filter>
    </ClInclude>
    <ClInclude Include="Ray.h">
      <Filter>Source\Header Files</Filter>
    </ClInclude>
    <ClInclude Include="VideoEncoder.h">
      <Filter>Source\Header Files</Filter>
    </ClInclude>
    <ClInclude Include="imgui_ImwWindowManagerGL.h">
      <Filter>Source\Header Files</Filter>
    </ClInclude>
  </ItemGroup>
  <ItemGroup>
    <Filter Include="External Libs">
      <UniqueIdentifier>{e8ce93c8-10d9-4179-a306-5654e31f1100}</UniqueIdentifier>
    </Filter>
    <Filter Include="Source">
      <UniqueIdentifier>{26981db8-43d0-4eda-9f91-b5a178488261}</UniqueIdentifier>
    </Filter>
    <Filter Include="Source\Header Files">
      <UniqueIdentifier>{d4b79672-d5c3-46a5-87cd-e2564ff5e1bd}</UniqueIdentifier>
    </Filter>
    <Filter Include="Source\Source Files">
      <UniqueIdentifier>{c2c76fb7-9594-43a0-8009-9c21244c0f3c}</UniqueIdentifier>
    </Filter>
  </ItemGroup>
  <ItemGroup>
    <None Include="Matrix3.inl">
      <Filter>Source\Header Files</Filter>
    </None>
  </ItemGroup>
</Project>